// !$*UTF8*$!
{
	archiveVersion = 1;
	classes = {
	};
	objectVersion = 46;
	objects = {

/* Begin PBXBuildFile section */
		7BD562E01A02E34E000DA4D5 /* main.m in Sources */ = {isa = PBXBuildFile; fileRef = 7BD562DF1A02E34E000DA4D5 /* main.m */; };
		7BD562E31A02E34E000DA4D5 /* AppDelegate.m in Sources */ = {isa = PBXBuildFile; fileRef = 7BD562E21A02E34E000DA4D5 /* AppDelegate.m */; };
		7BD562E61A02E34E000DA4D5 /* RootViewController.m in Sources */ = {isa = PBXBuildFile; fileRef = 7BD562E51A02E34E000DA4D5 /* RootViewController.m */; };
		7BD562E91A02E34E000DA4D5 /* Main.storyboard in Resources */ = {isa = PBXBuildFile; fileRef = 7BD562E71A02E34E000DA4D5 /* Main.storyboard */; };
		7BD562EB1A02E34E000DA4D5 /* Images.xcassets in Resources */ = {isa = PBXBuildFile; fileRef = 7BD562EA1A02E34E000DA4D5 /* Images.xcassets */; };
		7BD562EE1A02E34E000DA4D5 /* LaunchScreen.xib in Resources */ = {isa = PBXBuildFile; fileRef = 7BD562EC1A02E34E000DA4D5 /* LaunchScreen.xib */; };
		7BD562FA1A02E34E000DA4D5 /* CodeChallenge2Tests.m in Sources */ = {isa = PBXBuildFile; fileRef = 7BD562F91A02E34E000DA4D5 /* CodeChallenge2Tests.m */; };
		7BD563051A02E36E000DA4D5 /* City.m in Sources */ = {isa = PBXBuildFile; fileRef = 7BD563041A02E36E000DA4D5 /* City.m */; };
		7BD563081A02ECAA000DA4D5 /* DetailViewController.m in Sources */ = {isa = PBXBuildFile; fileRef = 7BD563071A02ECAA000DA4D5 /* DetailViewController.m */; };
		7BD5630B1A02F127000DA4D5 /* WebViewController.m in Sources */ = {isa = PBXBuildFile; fileRef = 7BD5630A1A02F127000DA4D5 /* WebViewController.m */; };
/* End PBXBuildFile section */

/* Begin PBXContainerItemProxy section */
		7BD562F41A02E34E000DA4D5 /* PBXContainerItemProxy */ = {
			isa = PBXContainerItemProxy;
			containerPortal = 7BD562D21A02E34E000DA4D5 /* Project object */;
			proxyType = 1;
			remoteGlobalIDString = 7BD562D91A02E34E000DA4D5;
			remoteInfo = CodeChallenge2;
		};
/* End PBXContainerItemProxy section */

/* Begin PBXFileReference section */
		7BD562DA1A02E34E000DA4D5 /* CodeChallenge2.app */ = {isa = PBXFileReference; explicitFileType = wrapper.application; includeInIndex = 0; path = CodeChallenge2.app; sourceTree = BUILT_PRODUCTS_DIR; };
		7BD562DE1A02E34E000DA4D5 /* Info.plist */ = {isa = PBXFileReference; lastKnownFileType = text.plist.xml; path = Info.plist; sourceTree = "<group>"; };
		7BD562DF1A02E34E000DA4D5 /* main.m */ = {isa = PBXFileReference; lastKnownFileType = sourcecode.c.objc; path = main.m; sourceTree = "<group>"; };
		7BD562E11A02E34E000DA4D5 /* AppDelegate.h */ = {isa = PBXFileReference; lastKnownFileType = sourcecode.c.h; path = AppDelegate.h; sourceTree = "<group>"; };
		7BD562E21A02E34E000DA4D5 /* AppDelegate.m */ = {isa = PBXFileReference; lastKnownFileType = sourcecode.c.objc; path = AppDelegate.m; sourceTree = "<group>"; };
		7BD562E41A02E34E000DA4D5 /* RootViewController.h */ = {isa = PBXFileReference; lastKnownFileType = sourcecode.c.h; path = RootViewController.h; sourceTree = "<group>"; };
		7BD562E51A02E34E000DA4D5 /* RootViewController.m */ = {isa = PBXFileReference; lastKnownFileType = sourcecode.c.objc; path = RootViewController.m; sourceTree = "<group>"; };
		7BD562E81A02E34E000DA4D5 /* Base */ = {isa = PBXFileReference; lastKnownFileType = file.storyboard; name = Base; path = Base.lproj/Main.storyboard; sourceTree = "<group>"; };
		7BD562EA1A02E34E000DA4D5 /* Images.xcassets */ = {isa = PBXFileReference; lastKnownFileType = folder.assetcatalog; path = Images.xcassets; sourceTree = "<group>"; };
		7BD562ED1A02E34E000DA4D5 /* Base */ = {isa = PBXFileReference; lastKnownFileType = file.xib; name = Base; path = Base.lproj/LaunchScreen.xib; sourceTree = "<group>"; };
		7BD562F31A02E34E000DA4D5 /* CodeChallenge2Tests.xctest */ = {isa = PBXFileReference; explicitFileType = wrapper.cfbundle; includeInIndex = 0; path = CodeChallenge2Tests.xctest; sourceTree = BUILT_PRODUCTS_DIR; };
		7BD562F81A02E34E000DA4D5 /* Info.plist */ = {isa = PBXFileReference; lastKnownFileType = text.plist.xml; path = Info.plist; sourceTree = "<group>"; };
		7BD562F91A02E34E000DA4D5 /* CodeChallenge2Tests.m */ = {isa = PBXFileReference; lastKnownFileType = sourcecode.c.objc; path = CodeChallenge2Tests.m; sourceTree = "<group>"; };
		7BD563031A02E36E000DA4D5 /* City.h */ = {isa = PBXFileReference; fileEncoding = 4; lastKnownFileType = sourcecode.c.h; path = City.h; sourceTree = "<group>"; };
		7BD563041A02E36E000DA4D5 /* City.m */ = {isa = PBXFileReference; fileEncoding = 4; lastKnownFileType = sourcecode.c.objc; path = City.m; sourceTree = "<group>"; };
		7BD563061A02ECAA000DA4D5 /* DetailViewController.h */ = {isa = PBXFileReference; fileEncoding = 4; lastKnownFileType = sourcecode.c.h; path = DetailViewController.h; sourceTree = "<group>"; };
		7BD563071A02ECAA000DA4D5 /* DetailViewController.m */ = {isa = PBXFileReference; fileEncoding = 4; lastKnownFileType = sourcecode.c.objc; path = DetailViewController.m; sourceTree = "<group>"; };
		7BD563091A02F127000DA4D5 /* WebViewController.h */ = {isa = PBXFileReference; fileEncoding = 4; lastKnownFileType = sourcecode.c.h; path = WebViewController.h; sourceTree = "<group>"; };
		7BD5630A1A02F127000DA4D5 /* WebViewController.m */ = {isa = PBXFileReference; fileEncoding = 4; lastKnownFileType = sourcecode.c.objc; path = WebViewController.m; sourceTree = "<group>"; };
/* End PBXFileReference section */

/* Begin PBXFrameworksBuildPhase section */
		7BD562D71A02E34E000DA4D5 /* Frameworks */ = {
			isa = PBXFrameworksBuildPhase;
			buildActionMask = 2147483647;
			files = (
			);
			runOnlyForDeploymentPostprocessing = 0;
		};
		7BD562F01A02E34E000DA4D5 /* Frameworks */ = {
			isa = PBXFrameworksBuildPhase;
			buildActionMask = 2147483647;
			files = (
			);
			runOnlyForDeploymentPostprocessing = 0;
		};
/* End PBXFrameworksBuildPhase section */

/* Begin PBXGroup section */
		7BD562D11A02E34E000DA4D5 = {
			isa = PBXGroup;
			children = (
				7BD562DC1A02E34E000DA4D5 /* CodeChallenge2 */,
				7BD562F61A02E34E000DA4D5 /* CodeChallenge2Tests */,
				7BD562DB1A02E34E000DA4D5 /* Products */,
			);
			sourceTree = "<group>";
		};
		7BD562DB1A02E34E000DA4D5 /* Products */ = {
			isa = PBXGroup;
			children = (
				7BD562DA1A02E34E000DA4D5 /* CodeChallenge2.app */,
				7BD562F31A02E34E000DA4D5 /* CodeChallenge2Tests.xctest */,
			);
			name = Products;
			sourceTree = "<group>";
		};
		7BD562DC1A02E34E000DA4D5 /* CodeChallenge2 */ = {
			isa = PBXGroup;
			children = (
				7BD562E11A02E34E000DA4D5 /* AppDelegate.h */,
				7BD562E21A02E34E000DA4D5 /* AppDelegate.m */,
				7BD562E41A02E34E000DA4D5 /* RootViewController.h */,
				7BD562E51A02E34E000DA4D5 /* RootViewController.m */,
				7BD563061A02ECAA000DA4D5 /* DetailViewController.h */,
				7BD563071A02ECAA000DA4D5 /* DetailViewController.m */,
				7BD563091A02F127000DA4D5 /* WebViewController.h */,
				7BD5630A1A02F127000DA4D5 /* WebViewController.m */,
				7BD563031A02E36E000DA4D5 /* City.h */,
				7BD563041A02E36E000DA4D5 /* City.m */,
				7BD562E71A02E34E000DA4D5 /* Main.storyboard */,
				7BD562EA1A02E34E000DA4D5 /* Images.xcassets */,
				7BD562EC1A02E34E000DA4D5 /* LaunchScreen.xib */,
				7BD562DD1A02E34E000DA4D5 /* Supporting Files */,
			);
			path = CodeChallenge2;
			sourceTree = "<group>";
		};
		7BD562DD1A02E34E000DA4D5 /* Supporting Files */ = {
			isa = PBXGroup;
			children = (
				7BD562DE1A02E34E000DA4D5 /* Info.plist */,
				7BD562DF1A02E34E000DA4D5 /* main.m */,
			);
			name = "Supporting Files";
			sourceTree = "<group>";
		};
		7BD562F61A02E34E000DA4D5 /* CodeChallenge2Tests */ = {
			isa = PBXGroup;
			children = (
				7BD562F91A02E34E000DA4D5 /* CodeChallenge2Tests.m */,
				7BD562F71A02E34E000DA4D5 /* Supporting Files */,
			);
			path = CodeChallenge2Tests;
			sourceTree = "<group>";
		};
		7BD562F71A02E34E000DA4D5 /* Supporting Files */ = {
			isa = PBXGroup;
			children = (
				7BD562F81A02E34E000DA4D5 /* Info.plist */,
			);
			name = "Supporting Files";
			sourceTree = "<group>";
		};
/* End PBXGroup section */

/* Begin PBXNativeTarget section */
		7BD562D91A02E34E000DA4D5 /* CodeChallenge2 */ = {
			isa = PBXNativeTarget;
			buildConfigurationList = 7BD562FD1A02E34E000DA4D5 /* Build configuration list for PBXNativeTarget "CodeChallenge2" */;
			buildPhases = (
				7BD562D61A02E34E000DA4D5 /* Sources */,
				7BD562D71A02E34E000DA4D5 /* Frameworks */,
				7BD562D81A02E34E000DA4D5 /* Resources */,
			);
			buildRules = (
			);
			dependencies = (
			);
			name = CodeChallenge2;
			productName = CodeChallenge2;
			productReference = 7BD562DA1A02E34E000DA4D5 /* CodeChallenge2.app */;
			productType = "com.apple.product-type.application";
		};
		7BD562F21A02E34E000DA4D5 /* CodeChallenge2Tests */ = {
			isa = PBXNativeTarget;
			buildConfigurationList = 7BD563001A02E34E000DA4D5 /* Build configuration list for PBXNativeTarget "CodeChallenge2Tests" */;
			buildPhases = (
				7BD562EF1A02E34E000DA4D5 /* Sources */,
				7BD562F01A02E34E000DA4D5 /* Frameworks */,
				7BD562F11A02E34E000DA4D5 /* Resources */,
			);
			buildRules = (
			);
			dependencies = (
				7BD562F51A02E34E000DA4D5 /* PBXTargetDependency */,
			);
			name = CodeChallenge2Tests;
			productName = CodeChallenge2Tests;
			productReference = 7BD562F31A02E34E000DA4D5 /* CodeChallenge2Tests.xctest */;
			productType = "com.apple.product-type.bundle.unit-test";
		};
/* End PBXNativeTarget section */

/* Begin PBXProject section */
		7BD562D21A02E34E000DA4D5 /* Project object */ = {
			isa = PBXProject;
			attributes = {
				LastUpgradeCheck = 0610;
				ORGANIZATIONNAME = "Jonathan Chou";
				TargetAttributes = {
					7BD562D91A02E34E000DA4D5 = {
						CreatedOnToolsVersion = 6.1;
					};
					7BD562F21A02E34E000DA4D5 = {
						CreatedOnToolsVersion = 6.1;
						TestTargetID = 7BD562D91A02E34E000DA4D5;
					};
				};
			};
			buildConfigurationList = 7BD562D51A02E34E000DA4D5 /* Build configuration list for PBXProject "CodeChallenge2" */;
			compatibilityVersion = "Xcode 3.2";
			developmentRegion = English;
			hasScannedForEncodings = 0;
			knownRegions = (
				en,
				Base,
			);
			mainGroup = 7BD562D11A02E34E000DA4D5;
			productRefGroup = 7BD562DB1A02E34E000DA4D5 /* Products */;
			projectDirPath = "";
			projectRoot = "";
			targets = (
				7BD562D91A02E34E000DA4D5 /* CodeChallenge2 */,
				7BD562F21A02E34E000DA4D5 /* CodeChallenge2Tests */,
			);
		};
/* End PBXProject section */

/* Begin PBXResourcesBuildPhase section */
		7BD562D81A02E34E000DA4D5 /* Resources */ = {
			isa = PBXResourcesBuildPhase;
			buildActionMask = 2147483647;
			files = (
				7BD562E91A02E34E000DA4D5 /* Main.storyboard in Resources */,
				7BD562EE1A02E34E000DA4D5 /* LaunchScreen.xib in Resources */,
				7BD562EB1A02E34E000DA4D5 /* Images.xcassets in Resources */,
			);
			runOnlyForDeploymentPostprocessing = 0;
		};
		7BD562F11A02E34E000DA4D5 /* Resources */ = {
			isa = PBXResourcesBuildPhase;
			buildActionMask = 2147483647;
			files = (
			);
			runOnlyForDeploymentPostprocessing = 0;
		};
/* End PBXResourcesBuildPhase section */

/* Begin PBXSourcesBuildPhase section */
		7BD562D61A02E34E000DA4D5 /* Sources */ = {
			isa = PBXSourcesBuildPhase;
			buildActionMask = 2147483647;
			files = (
				7BD563081A02ECAA000DA4D5 /* DetailViewController.m in Sources */,
				7BD5630B1A02F127000DA4D5 /* WebViewController.m in Sources */,
				7BD562E61A02E34E000DA4D5 /* RootViewController.m in Sources */,
				7BD562E31A02E34E000DA4D5 /* AppDelegate.m in Sources */,
				7BD563051A02E36E000DA4D5 /* City.m in Sources */,
				7BD562E01A02E34E000DA4D5 /* main.m in Sources */,
			);
			runOnlyForDeploymentPostprocessing = 0;
		};
		7BD562EF1A02E34E000DA4D5 /* Sources */ = {
			isa = PBXSourcesBuildPhase;
			buildActionMask = 2147483647;
			files = (
				7BD562FA1A02E34E000DA4D5 /* CodeChallenge2Tests.m in Sources */,
			);
			runOnlyForDeploymentPostprocessing = 0;
		};
/* End PBXSourcesBuildPhase section */

/* Begin PBXTargetDependency section */
		7BD562F51A02E34E000DA4D5 /* PBXTargetDependency */ = {
			isa = PBXTargetDependency;
			target = 7BD562D91A02E34E000DA4D5 /* CodeChallenge2 */;
			targetProxy = 7BD562F41A02E34E000DA4D5 /* PBXContainerItemProxy */;
		};
/* End PBXTargetDependency section */

/* Begin PBXVariantGroup section */
		7BD562E71A02E34E000DA4D5 /* Main.storyboard */ = {
			isa = PBXVariantGroup;
			children = (
				7BD562E81A02E34E000DA4D5 /* Base */,
			);
			name = Main.storyboard;
			sourceTree = "<group>";
		};
		7BD562EC1A02E34E000DA4D5 /* LaunchScreen.xib */ = {
			isa = PBXVariantGroup;
			children = (
				7BD562ED1A02E34E000DA4D5 /* Base */,
			);
			name = LaunchScreen.xib;
			sourceTree = "<group>";
		};
/* End PBXVariantGroup section */

/* Begin XCBuildConfiguration section */
		7BD562FB1A02E34E000DA4D5 /* Debug */ = {
			isa = XCBuildConfiguration;
			buildSettings = {
				ALWAYS_SEARCH_USER_PATHS = NO;
				CLANG_CXX_LANGUAGE_STANDARD = "gnu++0x";
				CLANG_CXX_LIBRARY = "libc++";
				CLANG_ENABLE_MODULES = YES;
				CLANG_ENABLE_OBJC_ARC = YES;
				CLANG_WARN_BOOL_CONVERSION = YES;
				CLANG_WARN_CONSTANT_CONVERSION = YES;
				CLANG_WARN_DIRECT_OBJC_ISA_USAGE = YES_ERROR;
				CLANG_WARN_EMPTY_BODY = YES;
				CLANG_WARN_ENUM_CONVERSION = YES;
				CLANG_WARN_INT_CONVERSION = YES;
				CLANG_WARN_OBJC_ROOT_CLASS = YES_ERROR;
				CLANG_WARN_UNREACHABLE_CODE = YES;
				CLANG_WARN__DUPLICATE_METHOD_MATCH = YES;
				"CODE_SIGN_IDENTITY[sdk=iphoneos*]" = "iPhone Developer";
				COPY_PHASE_STRIP = NO;
				ENABLE_STRICT_OBJC_MSGSEND = YES;
				GCC_C_LANGUAGE_STANDARD = gnu99;
				GCC_DYNAMIC_NO_PIC = NO;
				GCC_OPTIMIZATION_LEVEL = 0;
				GCC_PREPROCESSOR_DEFINITIONS = (
					"DEBUG=1",
					"$(inherited)",
				);
				GCC_SYMBOLS_PRIVATE_EXTERN = NO;
				GCC_WARN_64_TO_32_BIT_CONVERSION = YES;
				GCC_WARN_ABOUT_RETURN_TYPE = YES_ERROR;
				GCC_WARN_UNDECLARED_SELECTOR = YES;
				GCC_WARN_UNINITIALIZED_AUTOS = YES_AGGRESSIVE;
				GCC_WARN_UNUSED_FUNCTION = YES;
				GCC_WARN_UNUSED_VARIABLE = YES;
				IPHONEOS_DEPLOYMENT_TARGET = 8.1;
				MTL_ENABLE_DEBUG_INFO = YES;
				ONLY_ACTIVE_ARCH = YES;
				SDKROOT = iphoneos;
				TARGETED_DEVICE_FAMILY = "1,2";
			};
			name = Debug;
		};
		7BD562FC1A02E34E000DA4D5 /* Release */ = {
			isa = XCBuildConfiguration;
			buildSettings = {
				ALWAYS_SEARCH_USER_PATHS = NO;
				CLANG_CXX_LANGUAGE_STANDARD = "gnu++0x";
				CLANG_CXX_LIBRARY = "libc++";
				CLANG_ENABLE_MODULES = YES;
				CLANG_ENABLE_OBJC_ARC = YES;
				CLANG_WARN_BOOL_CONVERSION = YES;
				CLANG_WARN_CONSTANT_CONVERSION = YES;
				CLANG_WARN_DIRECT_OBJC_ISA_USAGE = YES_ERROR;
				CLANG_WARN_EMPTY_BODY = YES;
				CLANG_WARN_ENUM_CONVERSION = YES;
				CLANG_WARN_INT_CONVERSION = YES;
				CLANG_WARN_OBJC_ROOT_CLASS = YES_ERROR;
				CLANG_WARN_UNREACHABLE_CODE = YES;
				CLANG_WARN__DUPLICATE_METHOD_MATCH = YES;
				"CODE_SIGN_IDENTITY[sdk=iphoneos*]" = "iPhone Developer";
				COPY_PHASE_STRIP = YES;
				ENABLE_NS_ASSERTIONS = NO;
				ENABLE_STRICT_OBJC_MSGSEND = YES;
				GCC_C_LANGUAGE_STANDARD = gnu99;
				GCC_WARN_64_TO_32_BIT_CONVERSION = YES;
				GCC_WARN_ABOUT_RETURN_TYPE = YES_ERROR;
				GCC_WARN_UNDECLARED_SELECTOR = YES;
				GCC_WARN_UNINITIALIZED_AUTOS = YES_AGGRESSIVE;
				GCC_WARN_UNUSED_FUNCTION = YES;
				GCC_WARN_UNUSED_VARIABLE = YES;
				IPHONEOS_DEPLOYMENT_TARGET = 8.1;
				MTL_ENABLE_DEBUG_INFO = NO;
				SDKROOT = iphoneos;
				TARGETED_DEVICE_FAMILY = "1,2";
				VALIDATE_PRODUCT = YES;
			};
			name = Release;
		};
		7BD562FE1A02E34E000DA4D5 /* Debug */ = {
			isa = XCBuildConfiguration;
			buildSettings = {
				ASSETCATALOG_COMPILER_APPICON_NAME = AppIcon;
				INFOPLIST_FILE = CodeChallenge2/Info.plist;
				LD_RUNPATH_SEARCH_PATHS = "$(inherited) @executable_path/Frameworks";
				PRODUCT_NAME = "$(TARGET_NAME)";
			};
			name = Debug;
		};
		7BD562FF1A02E34E000DA4D5 /* Release */ = {
			isa = XCBuildConfiguration;
			buildSettings = {
				ASSETCATALOG_COMPILER_APPICON_NAME = AppIcon;
				INFOPLIST_FILE = CodeChallenge2/Info.plist;
				LD_RUNPATH_SEARCH_PATHS = "$(inherited) @executable_path/Frameworks";
				PRODUCT_NAME = "$(TARGET_NAME)";
			};
			name = Release;
		};
		7BD563011A02E34E000DA4D5 /* Debug */ = {
			isa = XCBuildConfiguration;
			buildSettings = {
				BUNDLE_LOADER = "$(TEST_HOST)";
				FRAMEWORK_SEARCH_PATHS = (
					"$(SDKROOT)/Developer/Library/Frameworks",
					"$(inherited)",
				);
				GCC_PREPROCESSOR_DEFINITIONS = (
					"DEBUG=1",
					"$(inherited)",
				);
				INFOPLIST_FILE = CodeChallenge2Tests/Info.plist;
				LD_RUNPATH_SEARCH_PATHS = "$(inherited) @executable_path/Frameworks @loader_path/Frameworks";
				PRODUCT_NAME = "$(TARGET_NAME)";
				TEST_HOST = "$(BUILT_PRODUCTS_DIR)/CodeChallenge2.app/CodeChallenge2";
			};
			name = Debug;
		};
		7BD563021A02E34E000DA4D5 /* Release */ = {
			isa = XCBuildConfiguration;
			buildSettings = {
				BUNDLE_LOADER = "$(TEST_HOST)";
				FRAMEWORK_SEARCH_PATHS = (
					"$(SDKROOT)/Developer/Library/Frameworks",
					"$(inherited)",
				);
				INFOPLIST_FILE = CodeChallenge2Tests/Info.plist;
				LD_RUNPATH_SEARCH_PATHS = "$(inherited) @executable_path/Frameworks @loader_path/Frameworks";
				PRODUCT_NAME = "$(TARGET_NAME)";
				TEST_HOST = "$(BUILT_PRODUCTS_DIR)/CodeChallenge2.app/CodeChallenge2";
			};
			name = Release;
		};
/* End XCBuildConfiguration section */

/* Begin XCConfigurationList section */
		7BD562D51A02E34E000DA4D5 /* Build configuration list for PBXProject "CodeChallenge2" */ = {
			isa = XCConfigurationList;
			buildConfigurations = (
				7BD562FB1A02E34E000DA4D5 /* Debug */,
				7BD562FC1A02E34E000DA4D5 /* Release */,
			);
			defaultConfigurationIsVisible = 0;
			defaultConfigurationName = Release;
		};
		7BD562FD1A02E34E000DA4D5 /* Build configuration list for PBXNativeTarget "CodeChallenge2" */ = {
			isa = XCConfigurationList;
			buildConfigurations = (
				7BD562FE1A02E34E000DA4D5 /* Debug */,
				7BD562FF1A02E34E000DA4D5 /* Release */,
			);
			defaultConfigurationIsVisible = 0;
		};
		7BD563001A02E34E000DA4D5 /* Build configuration list for PBXNativeTarget "CodeChallenge2Tests" */ = {
			isa = XCConfigurationList;
			buildConfigurations = (
				7BD563011A02E34E000DA4D5 /* Debug */,
				7BD563021A02E34E000DA4D5 /* Release */,
			);
			defaultConfigurationIsVisible = 0;
		};
/* End XCConfigurationList section */
	};
	rootObject = 7BD562D21A02E34E000DA4D5 /* Project object */;
}
